
Microsoft Visual Studio Solution File, Format Version 12.00
# Visual Studio Version 17
VisualStudioVersion = 17.4.33006.217
MinimumVisualStudioVersion = 10.0.40219.1
Project("{2150E333-8FDC-42A3-9474-1A3956D46DE8}") = "src", "src", "{047E9F00-CF0A-4F50-AE58-1310AAF07580}"
EndProject
Project("{9A19103F-16F7-4668-BE54-9A1E7A4F7556}") = "Orc.EntityFrameworkCore", "Orc.EntityFrameworkCore\Orc.EntityFrameworkCore.csproj", "{05131DD0-CBF1-4E7E-9D2C-96B6DD472D70}"
EndProject
Project("{9A19103F-16F7-4668-BE54-9A1E7A4F7556}") = "Orc.EntityFrameworkCore.Tests", "Orc.EntityFrameworkCore.Tests\Orc.EntityFrameworkCore.Tests.csproj", "{620B54D5-8F85-4969-AB32-DA7C3E9DC857}"
EndProject
Global
	GlobalSection(SolutionConfigurationPlatforms) = preSolution
		Debug|Any CPU = Debug|Any CPU
		Release|Any CPU = Release|Any CPU
	EndGlobalSection
	GlobalSection(ProjectConfigurationPlatforms) = postSolution
		{05131DD0-CBF1-4E7E-9D2C-96B6DD472D70}.Debug|Any CPU.ActiveCfg = Debug|Any CPU
		{05131DD0-CBF1-4E7E-9D2C-96B6DD472D70}.Debug|Any CPU.Build.0 = Debug|Any CPU
		{05131DD0-CBF1-4E7E-9D2C-96B6DD472D70}.Release|Any CPU.ActiveCfg = Release|Any CPU
		{05131DD0-CBF1-4E7E-9D2C-96B6DD472D70}.Release|Any CPU.Build.0 = Release|Any CPU
		{620B54D5-8F85-4969-AB32-DA7C3E9DC857}.Debug|Any CPU.ActiveCfg = Debug|Any CPU
		{620B54D5-8F85-4969-AB32-DA7C3E9DC857}.Debug|Any CPU.Build.0 = Debug|Any CPU
		{620B54D5-8F85-4969-AB32-DA7C3E9DC857}.Release|Any CPU.ActiveCfg = Release|Any CPU
		{620B54D5-8F85-4969-AB32-DA7C3E9DC857}.Release|Any CPU.Build.0 = Release|Any CPU
	EndGlobalSection
	GlobalSection(SolutionProperties) = preSolution
		HideSolutionNode = FALSE
	EndGlobalSection
	GlobalSection(NestedProjects) = preSolution
		{05131DD0-CBF1-4E7E-9D2C-96B6DD472D70} = {047E9F00-CF0A-4F50-AE58-1310AAF07580}
		{620B54D5-8F85-4969-AB32-DA7C3E9DC857} = {047E9F00-CF0A-4F50-AE58-1310AAF07580}
	EndGlobalSection
	GlobalSection(ExtensibilityGlobals) = postSolution
		SolutionGuid = {AA9B85FB-CA85-4B9E-B61E-54F34B1B4D36}
	EndGlobalSection
EndGlobal
